
Microsoft Visual Studio Solution File, Format Version 12.00
# Visual Studio Version 16
VisualStudioVersion = 16.0.30804.86
MinimumVisualStudioVersion = 10.0.40219.1
Project("{FAE04EC0-301F-11D3-BF4B-00C04F79EFBC}") = "MoviesRentalsProjeect", "MoviesRentalsProjeect.csproj", "{60390028-6E4B-44E7-8749-C943FDA971C8}"
EndProject
Project("{FAE04EC0-301F-11D3-BF4B-00C04F79EFBC}") = "DBTest", "..\DBTest\DBTest.csproj", "{5EC74306-FA91-49A3-A957-EA7AADAAEDF3}"
EndProject
Global
	GlobalSection(SolutionConfigurationPlatforms) = preSolution
		Debug|Any CPU = Debug|Any CPU
		Release|Any CPU = Release|Any CPU
	EndGlobalSection
	GlobalSection(ProjectConfigurationPlatforms) = postSolution
		{60390028-6E4B-44E7-8749-C943FDA971C8}.Debug|Any CPU.ActiveCfg = Debug|Any CPU
		{60390028-6E4B-44E7-8749-C943FDA971C8}.Debug|Any CPU.Build.0 = Debug|Any CPU
		{60390028-6E4B-44E7-8749-C943FDA971C8}.Release|Any CPU.ActiveCfg = Release|Any CPU
		{60390028-6E4B-44E7-8749-C943FDA971C8}.Release|Any CPU.Build.0 = Release|Any CPU
		{5EC74306-FA91-49A3-A957-EA7AADAAEDF3}.Debug|Any CPU.ActiveCfg = Debug|Any CPU
		{5EC74306-FA91-49A3-A957-EA7AADAAEDF3}.Debug|Any CPU.Build.0 = Debug|Any CPU
		{5EC74306-FA91-49A3-A957-EA7AADAAEDF3}.Release|Any CPU.ActiveCfg = Release|Any CPU
		{5EC74306-FA91-49A3-A957-EA7AADAAEDF3}.Release|Any CPU.Build.0 = Release|Any CPU
	EndGlobalSection
	GlobalSection(SolutionProperties) = preSolution
		HideSolutionNode = FALSE
	EndGlobalSection
	GlobalSection(ExtensibilityGlobals) = postSolution
		SolutionGuid = {7D04FBB0-7139-43D4-8BDF-A14D9AEAA645}
	EndGlobalSection
EndGlobal
